
Microsoft Visual Studio Solution File, Format Version 12.00
# Visual Studio Version 17
VisualStudioVersion = 17.5.33502.453
MinimumVisualStudioVersion = 10.0.40219.1
Project("{9A19103F-16F7-4668-BE54-9A1E7A4F7556}") = "FilmDukkanı.DAL", "FilmDukkanı.DAL\FilmDukkanı.DAL.csproj", "{DD08D5FD-D0CD-4207-9E5F-13C32246C151}"
EndProject
Project("{9A19103F-16F7-4668-BE54-9A1E7A4F7556}") = "FilmDükkanı.Entity", "FilmDükkanı.Entity\FilmDükkanı.Entity.csproj", "{5E61B8A0-4E18-4F6A-9547-6BDE21B018D9}"
EndProject
Project("{9A19103F-16F7-4668-BE54-9A1E7A4F7556}") = "FılmDukkanı.BLL", "FılmDukkanı.BLL\FılmDukkanı.BLL.csproj", "{BB141DA3-A292-4F53-8841-E8EFB3A66673}"
EndProject
Project("{9A19103F-16F7-4668-BE54-9A1E7A4F7556}") = "FılmDukkanı.IOC", "FılmDukkanı.IOC\FılmDukkanı.IOC.csproj", "{7F3D0FC8-8D83-4AA8-A7A2-859DA1BC05C7}"
EndProject
Project("{FAE04EC0-301F-11D3-BF4B-00C04F79EFBC}") = "FilmDukkanı.MVC", "FilmDukkanı.MVC\FilmDukkanı.MVC.csproj", "{2E48E1E9-BA3E-4BD8-8F11-AD360167A2B1}"
EndProject
Global
	GlobalSection(SolutionConfigurationPlatforms) = preSolution
		Debug|Any CPU = Debug|Any CPU
		Release|Any CPU = Release|Any CPU
	EndGlobalSection
	GlobalSection(ProjectConfigurationPlatforms) = postSolution
		{DD08D5FD-D0CD-4207-9E5F-13C32246C151}.Debug|Any CPU.ActiveCfg = Debug|Any CPU
		{DD08D5FD-D0CD-4207-9E5F-13C32246C151}.Debug|Any CPU.Build.0 = Debug|Any CPU
		{DD08D5FD-D0CD-4207-9E5F-13C32246C151}.Release|Any CPU.ActiveCfg = Release|Any CPU
		{DD08D5FD-D0CD-4207-9E5F-13C32246C151}.Release|Any CPU.Build.0 = Release|Any CPU
		{5E61B8A0-4E18-4F6A-9547-6BDE21B018D9}.Debug|Any CPU.ActiveCfg = Debug|Any CPU
		{5E61B8A0-4E18-4F6A-9547-6BDE21B018D9}.Debug|Any CPU.Build.0 = Debug|Any CPU
		{5E61B8A0-4E18-4F6A-9547-6BDE21B018D9}.Release|Any CPU.ActiveCfg = Release|Any CPU
		{5E61B8A0-4E18-4F6A-9547-6BDE21B018D9}.Release|Any CPU.Build.0 = Release|Any CPU
		{BB141DA3-A292-4F53-8841-E8EFB3A66673}.Debug|Any CPU.ActiveCfg = Debug|Any CPU
		{BB141DA3-A292-4F53-8841-E8EFB3A66673}.Debug|Any CPU.Build.0 = Debug|Any CPU
		{BB141DA3-A292-4F53-8841-E8EFB3A66673}.Release|Any CPU.ActiveCfg = Release|Any CPU
		{BB141DA3-A292-4F53-8841-E8EFB3A66673}.Release|Any CPU.Build.0 = Release|Any CPU
		{7F3D0FC8-8D83-4AA8-A7A2-859DA1BC05C7}.Debug|Any CPU.ActiveCfg = Debug|Any CPU
		{7F3D0FC8-8D83-4AA8-A7A2-859DA1BC05C7}.Debug|Any CPU.Build.0 = Debug|Any CPU
		{7F3D0FC8-8D83-4AA8-A7A2-859DA1BC05C7}.Release|Any CPU.ActiveCfg = Release|Any CPU
		{7F3D0FC8-8D83-4AA8-A7A2-859DA1BC05C7}.Release|Any CPU.Build.0 = Release|Any CPU
		{2E48E1E9-BA3E-4BD8-8F11-AD360167A2B1}.Debug|Any CPU.ActiveCfg = Debug|Any CPU
		{2E48E1E9-BA3E-4BD8-8F11-AD360167A2B1}.Debug|Any CPU.Build.0 = Debug|Any CPU
		{2E48E1E9-BA3E-4BD8-8F11-AD360167A2B1}.Release|Any CPU.ActiveCfg = Release|Any CPU
		{2E48E1E9-BA3E-4BD8-8F11-AD360167A2B1}.Release|Any CPU.Build.0 = Release|Any CPU
	EndGlobalSection
	GlobalSection(SolutionProperties) = preSolution
		HideSolutionNode = FALSE
	EndGlobalSection
	GlobalSection(ExtensibilityGlobals) = postSolution
		SolutionGuid = {7232DF4C-630B-45CC-8788-DBEE30391928}
	EndGlobalSection
EndGlobal
