
Microsoft Visual Studio Solution File, Format Version 12.00
# Visual Studio Version 17
VisualStudioVersion = 17.5.33502.453
MinimumVisualStudioVersion = 10.0.40219.1
Project("{FAE04EC0-301F-11D3-BF4B-00C04F79EFBC}") = "FilmDukkanı.DAL", "FilmDukkanı.DAL\FilmDukkanı.DAL.csproj", "{DD08D5FD-D0CD-4207-9E5F-13C32246C151}"
EndProject
Project("{FAE04EC0-301F-11D3-BF4B-00C04F79EFBC}") = "FilmDükkanı.Entity", "FilmDükkanı.Entity\FilmDükkanı.Entity.csproj", "{5E61B8A0-4E18-4F6A-9547-6BDE21B018D9}"
EndProject
Global
	GlobalSection(SolutionConfigurationPlatforms) = preSolution
		Debug|Any CPU = Debug|Any CPU
		Release|Any CPU = Release|Any CPU
	EndGlobalSection
	GlobalSection(ProjectConfigurationPlatforms) = postSolution
		{DD08D5FD-D0CD-4207-9E5F-13C32246C151}.Debug|Any CPU.ActiveCfg = Debug|Any CPU
		{DD08D5FD-D0CD-4207-9E5F-13C32246C151}.Debug|Any CPU.Build.0 = Debug|Any CPU
		{DD08D5FD-D0CD-4207-9E5F-13C32246C151}.Release|Any CPU.ActiveCfg = Release|Any CPU
		{DD08D5FD-D0CD-4207-9E5F-13C32246C151}.Release|Any CPU.Build.0 = Release|Any CPU
		{5E61B8A0-4E18-4F6A-9547-6BDE21B018D9}.Debug|Any CPU.ActiveCfg = Debug|Any CPU
		{5E61B8A0-4E18-4F6A-9547-6BDE21B018D9}.Debug|Any CPU.Build.0 = Debug|Any CPU
		{5E61B8A0-4E18-4F6A-9547-6BDE21B018D9}.Release|Any CPU.ActiveCfg = Release|Any CPU
		{5E61B8A0-4E18-4F6A-9547-6BDE21B018D9}.Release|Any CPU.Build.0 = Release|Any CPU
	EndGlobalSection
	GlobalSection(SolutionProperties) = preSolution
		HideSolutionNode = FALSE
	EndGlobalSection
	GlobalSection(ExtensibilityGlobals) = postSolution
		SolutionGuid = {7232DF4C-630B-45CC-8788-DBEE30391928}
	EndGlobalSection
EndGlobal
